
Microsoft Visual Studio Solution File, Format Version 12.00
# Visual Studio Version 17
VisualStudioVersion = 17.8.34330.188
MinimumVisualStudioVersion = 10.0.40219.1
Project("{FAE04EC0-301F-11D3-BF4B-00C04F79EFBC}") = "holamundo", "holamundo.csproj", "{B5A59CD9-B27B-4E77-8214-7794E81A0CDD}"
EndProject
Global
	GlobalSection(SolutionConfigurationPlatforms) = preSolution
		Debug|Any CPU = Debug|Any CPU
		Release|Any CPU = Release|Any CPU
	EndGlobalSection
	GlobalSection(ProjectConfigurationPlatforms) = postSolution
		{B5A59CD9-B27B-4E77-8214-7794E81A0CDD}.Debug|Any CPU.ActiveCfg = Debug|Any CPU
		{B5A59CD9-B27B-4E77-8214-7794E81A0CDD}.Debug|Any CPU.Build.0 = Debug|Any CPU
		{B5A59CD9-B27B-4E77-8214-7794E81A0CDD}.Release|Any CPU.ActiveCfg = Release|Any CPU
		{B5A59CD9-B27B-4E77-8214-7794E81A0CDD}.Release|Any CPU.Build.0 = Release|Any CPU
	EndGlobalSection
	GlobalSection(SolutionProperties) = preSolution
		HideSolutionNode = FALSE
	EndGlobalSection
	GlobalSection(ExtensibilityGlobals) = postSolution
		SolutionGuid = {EFAC4426-218E-40A0-B436-9CE1C463A74B}
	EndGlobalSection
EndGlobal
