
Microsoft Visual Studio Solution File, Format Version 12.00
# Visual Studio Version 17
VisualStudioVersion = 17.9.34616.47
MinimumVisualStudioVersion = 10.0.40219.1
Project("{FAE04EC0-301F-11D3-BF4B-00C04F79EFBC}") = "entradasalida", "entradasalida.csproj", "{5B0E1753-36B1-49D3-AF3B-C5DF653D4896}"
EndProject
Global
	GlobalSection(SolutionConfigurationPlatforms) = preSolution
		Debug|Any CPU = Debug|Any CPU
		Release|Any CPU = Release|Any CPU
	EndGlobalSection
	GlobalSection(ProjectConfigurationPlatforms) = postSolution
		{5B0E1753-36B1-49D3-AF3B-C5DF653D4896}.Debug|Any CPU.ActiveCfg = Debug|Any CPU
		{5B0E1753-36B1-49D3-AF3B-C5DF653D4896}.Debug|Any CPU.Build.0 = Debug|Any CPU
		{5B0E1753-36B1-49D3-AF3B-C5DF653D4896}.Release|Any CPU.ActiveCfg = Release|Any CPU
		{5B0E1753-36B1-49D3-AF3B-C5DF653D4896}.Release|Any CPU.Build.0 = Release|Any CPU
	EndGlobalSection
	GlobalSection(SolutionProperties) = preSolution
		HideSolutionNode = FALSE
	EndGlobalSection
	GlobalSection(ExtensibilityGlobals) = postSolution
		SolutionGuid = {6A6AF99E-D04F-41AE-9449-C70E08265734}
	EndGlobalSection
EndGlobal
