
Microsoft Visual Studio Solution File, Format Version 12.00
# Visual Studio Version 17
VisualStudioVersion = 17.9.34616.47
MinimumVisualStudioVersion = 10.0.40219.1
Project("{FAE04EC0-301F-11D3-BF4B-00C04F79EFBC}") = "calculador", "calculador.csproj", "{5E0F6ABA-BB1D-4563-B190-36B552ADBF31}"
EndProject
Global
	GlobalSection(SolutionConfigurationPlatforms) = preSolution
		Debug|Any CPU = Debug|Any CPU
		Release|Any CPU = Release|Any CPU
	EndGlobalSection
	GlobalSection(ProjectConfigurationPlatforms) = postSolution
		{5E0F6ABA-BB1D-4563-B190-36B552ADBF31}.Debug|Any CPU.ActiveCfg = Debug|Any CPU
		{5E0F6ABA-BB1D-4563-B190-36B552ADBF31}.Debug|Any CPU.Build.0 = Debug|Any CPU
		{5E0F6ABA-BB1D-4563-B190-36B552ADBF31}.Release|Any CPU.ActiveCfg = Release|Any CPU
		{5E0F6ABA-BB1D-4563-B190-36B552ADBF31}.Release|Any CPU.Build.0 = Release|Any CPU
	EndGlobalSection
	GlobalSection(SolutionProperties) = preSolution
		HideSolutionNode = FALSE
	EndGlobalSection
	GlobalSection(ExtensibilityGlobals) = postSolution
		SolutionGuid = {EBA3B026-DF99-4003-B0BB-5A947E9DEFE3}
	EndGlobalSection
EndGlobal
