
Microsoft Visual Studio Solution File, Format Version 12.00
# Visual Studio Version 17
VisualStudioVersion = 17.9.34616.47
MinimumVisualStudioVersion = 10.0.40219.1
Project("{FAE04EC0-301F-11D3-BF4B-00C04F79EFBC}") = "using", "using.csproj", "{4F7A6A97-07DA-48A6-A8FB-77F59BFCC75C}"
EndProject
Global
	GlobalSection(SolutionConfigurationPlatforms) = preSolution
		Debug|Any CPU = Debug|Any CPU
		Release|Any CPU = Release|Any CPU
	EndGlobalSection
	GlobalSection(ProjectConfigurationPlatforms) = postSolution
		{4F7A6A97-07DA-48A6-A8FB-77F59BFCC75C}.Debug|Any CPU.ActiveCfg = Debug|Any CPU
		{4F7A6A97-07DA-48A6-A8FB-77F59BFCC75C}.Debug|Any CPU.Build.0 = Debug|Any CPU
		{4F7A6A97-07DA-48A6-A8FB-77F59BFCC75C}.Release|Any CPU.ActiveCfg = Release|Any CPU
		{4F7A6A97-07DA-48A6-A8FB-77F59BFCC75C}.Release|Any CPU.Build.0 = Release|Any CPU
	EndGlobalSection
	GlobalSection(SolutionProperties) = preSolution
		HideSolutionNode = FALSE
	EndGlobalSection
	GlobalSection(ExtensibilityGlobals) = postSolution
		SolutionGuid = {50C979BF-AAAE-47D6-9FC8-85810ED4B988}
	EndGlobalSection
EndGlobal
